
Microsoft Visual Studio Solution File, Format Version 12.00
# Visual Studio Version 16
VisualStudioVersion = 16.0.30523.141
MinimumVisualStudioVersion = 10.0.40219.1
Project("{9A19103F-16F7-4668-BE54-9A1E7A4F7556}") = "DataAccess", "DataAccess\DataAccess.csproj", "{F32C1D31-0520-421A-8354-99CF8DBB95C5}"
EndProject
Project("{9A19103F-16F7-4668-BE54-9A1E7A4F7556}") = "WebService", "WebService\WebService.csproj", "{90AF8D77-1BA3-478F-BBB2-BFBECFC03509}"
EndProject
Global
	GlobalSection(SolutionConfigurationPlatforms) = preSolution
		Debug|Any CPU = Debug|Any CPU
		Release|Any CPU = Release|Any CPU
	EndGlobalSection
	GlobalSection(ProjectConfigurationPlatforms) = postSolution
		{F32C1D31-0520-421A-8354-99CF8DBB95C5}.Debug|Any CPU.ActiveCfg = Debug|Any CPU
		{F32C1D31-0520-421A-8354-99CF8DBB95C5}.Debug|Any CPU.Build.0 = Debug|Any CPU
		{F32C1D31-0520-421A-8354-99CF8DBB95C5}.Release|Any CPU.ActiveCfg = Release|Any CPU
		{F32C1D31-0520-421A-8354-99CF8DBB95C5}.Release|Any CPU.Build.0 = Release|Any CPU
		{90AF8D77-1BA3-478F-BBB2-BFBECFC03509}.Debug|Any CPU.ActiveCfg = Debug|Any CPU
		{90AF8D77-1BA3-478F-BBB2-BFBECFC03509}.Debug|Any CPU.Build.0 = Debug|Any CPU
		{90AF8D77-1BA3-478F-BBB2-BFBECFC03509}.Release|Any CPU.ActiveCfg = Release|Any CPU
		{90AF8D77-1BA3-478F-BBB2-BFBECFC03509}.Release|Any CPU.Build.0 = Release|Any CPU
	EndGlobalSection
	GlobalSection(SolutionProperties) = preSolution
		HideSolutionNode = FALSE
	EndGlobalSection
	GlobalSection(ExtensibilityGlobals) = postSolution
		SolutionGuid = {ADD140B2-6F2C-4CB4-84C0-383B0F7763F8}
	EndGlobalSection
EndGlobal
